
Microsoft Visual Studio Solution File, Format Version 12.00
# Visual Studio Version 16
VisualStudioVersion = 16.0.29209.62
MinimumVisualStudioVersion = 10.0.40219.1
Project("{FAE04EC0-301F-11D3-BF4B-00C04F79EFBC}") = "proyectokeneth", "proyectokeneth\proyectokeneth.csproj", "{D7FBB5CB-36D1-4017-B5B1-9998D60C1151}"
EndProject
Global
	GlobalSection(SolutionConfigurationPlatforms) = preSolution
		Debug|Any CPU = Debug|Any CPU
		Release|Any CPU = Release|Any CPU
	EndGlobalSection
	GlobalSection(ProjectConfigurationPlatforms) = postSolution
		{D7FBB5CB-36D1-4017-B5B1-9998D60C1151}.Debug|Any CPU.ActiveCfg = Debug|Any CPU
		{D7FBB5CB-36D1-4017-B5B1-9998D60C1151}.Debug|Any CPU.Build.0 = Debug|Any CPU
		{D7FBB5CB-36D1-4017-B5B1-9998D60C1151}.Release|Any CPU.ActiveCfg = Release|Any CPU
		{D7FBB5CB-36D1-4017-B5B1-9998D60C1151}.Release|Any CPU.Build.0 = Release|Any CPU
	EndGlobalSection
	GlobalSection(SolutionProperties) = preSolution
		HideSolutionNode = FALSE
	EndGlobalSection
	GlobalSection(ExtensibilityGlobals) = postSolution
		SolutionGuid = {B021702D-CF1C-4F47-8FC8-2B18341020C6}
	EndGlobalSection
EndGlobal
